
Microsoft Visual Studio Solution File, Format Version 12.00
# Visual Studio Version 16
VisualStudioVersion = 16.0.32901.82
MinimumVisualStudioVersion = 10.0.40219.1
Project("{FAE04EC0-301F-11D3-BF4B-00C04F79EFBC}") = "Zadanie7Dop", "Zadanie7Dop\Zadanie7Dop.csproj", "{6B88B71F-1B27-45DA-9DE3-D213E4C72921}"
EndProject
Global
	GlobalSection(SolutionConfigurationPlatforms) = preSolution
		Debug|Any CPU = Debug|Any CPU
		Release|Any CPU = Release|Any CPU
	EndGlobalSection
	GlobalSection(ProjectConfigurationPlatforms) = postSolution
		{6B88B71F-1B27-45DA-9DE3-D213E4C72921}.Debug|Any CPU.ActiveCfg = Debug|Any CPU
		{6B88B71F-1B27-45DA-9DE3-D213E4C72921}.Debug|Any CPU.Build.0 = Debug|Any CPU
		{6B88B71F-1B27-45DA-9DE3-D213E4C72921}.Release|Any CPU.ActiveCfg = Release|Any CPU
		{6B88B71F-1B27-45DA-9DE3-D213E4C72921}.Release|Any CPU.Build.0 = Release|Any CPU
	EndGlobalSection
	GlobalSection(SolutionProperties) = preSolution
		HideSolutionNode = FALSE
	EndGlobalSection
	GlobalSection(ExtensibilityGlobals) = postSolution
		SolutionGuid = {E8C1983B-0DCE-4FD3-A5EF-55AD392582D2}
	EndGlobalSection
EndGlobal
