
Microsoft Visual Studio Solution File, Format Version 12.00
# Visual Studio Version 16
VisualStudioVersion = 16.0.32901.82
MinimumVisualStudioVersion = 10.0.40219.1
Project("{FAE04EC0-301F-11D3-BF4B-00C04F79EFBC}") = "Zadanie9Dop", "Zadanie9Dop\Zadanie9Dop.csproj", "{77980487-01FC-4168-92BF-4E47F6548427}"
EndProject
Global
	GlobalSection(SolutionConfigurationPlatforms) = preSolution
		Debug|Any CPU = Debug|Any CPU
		Release|Any CPU = Release|Any CPU
	EndGlobalSection
	GlobalSection(ProjectConfigurationPlatforms) = postSolution
		{77980487-01FC-4168-92BF-4E47F6548427}.Debug|Any CPU.ActiveCfg = Debug|Any CPU
		{77980487-01FC-4168-92BF-4E47F6548427}.Debug|Any CPU.Build.0 = Debug|Any CPU
		{77980487-01FC-4168-92BF-4E47F6548427}.Release|Any CPU.ActiveCfg = Release|Any CPU
		{77980487-01FC-4168-92BF-4E47F6548427}.Release|Any CPU.Build.0 = Release|Any CPU
	EndGlobalSection
	GlobalSection(SolutionProperties) = preSolution
		HideSolutionNode = FALSE
	EndGlobalSection
	GlobalSection(ExtensibilityGlobals) = postSolution
		SolutionGuid = {A3B76FD5-3AAE-4775-B40A-88393853F3DB}
	EndGlobalSection
EndGlobal
